{
  "name": "pixi-dashed-line",
  "version": "1.0.0",
  "lockfileVersion": 2,
  "requires": true,
  "packages": {
    "": {
      "version": "1.0.0",
      "license": "MIT",
      "devDependencies": {
        "esbuild": "^0.12.15",
        "pixi-viewport": "^4.31.0",
        "typescript": "^4.3.5"
      },
      "peerDependencies": {
        "pixi.js": "^6.0.4"
      }
    },
    "node_modules/@pixi/accessibility": {
      "version": "6.0.4",
      "resolved": "https://registry.npmjs.org/@pixi/accessibility/-/accessibility-6.0.4.tgz",
      "integrity": "sha512-S0Co6M+BIx+Yk3INCwGp5Xif0jIv/uj5JPMbctpMV7fSsE3x0nYvcOOAfBjkGhYcXG7fNOGrYLgs5XQOBIWGtA==",
      "peer": true,
      "dependencies": {
        "@pixi/canvas-renderer": "6.0.4",
        "@pixi/core": "6.0.4",
        "@pixi/display": "6.0.4",
        "@pixi/utils": "6.0.4"
      }
    },
    "node_modules/@pixi/app": {
      "version": "6.0.4",
      "resolved": "https://registry.npmjs.org/@pixi/app/-/app-6.0.4.tgz",
      "integrity": "sha512-+BiuaQtnOBR5/Q8+nXnHE2tuZyuBnqy/cwbIR1ImPnKAs7UaCcRLf1R0RvnRFu4KMP4ozTd810p0k84TzIguTA==",
      "peer": true,
      "dependencies": {
        "@pixi/core": "6.0.4",
        "@pixi/display": "6.0.4"
      }
    },
    "node_modules/@pixi/canvas-renderer": {
      "version": "6.0.4",
      "resolved": "https://registry.npmjs.org/@pixi/canvas-renderer/-/canvas-renderer-6.0.4.tgz",
      "integrity": "sha512-z2r1nzYsAp9+gipvlFCj0rd0yfjVq1hTQkyWuMbo5TrePdEo3NLRrCUGo1dHJNbeSERpgGNN05OAiGQbAI+AUg==",
      "peer": true,
      "dependencies": {
        "@pixi/constants": "6.0.4",
        "@pixi/core": "6.0.4",
        "@pixi/math": "6.0.4",
        "@pixi/settings": "6.0.4",
        "@pixi/utils": "6.0.4"
      }
    },
    "node_modules/@pixi/compressed-textures": {
      "version": "6.0.4",
      "resolved": "https://registry.npmjs.org/@pixi/compressed-textures/-/compressed-textures-6.0.4.tgz",
      "integrity": "sha512-AqQPuuXcNrR28YT69SZhRxRRwzqQcQ/QrlexAR9Fohpe+jfDnvlNaIvQQoXU7HxD7huRiQ/dm3nwsLiKPqVoTg==",
      "peer": true,
      "dependencies": {
        "@pixi/constants": "6.0.4",
        "@pixi/core": "6.0.4",
        "@pixi/loaders": "6.0.4",
        "@pixi/utils": "6.0.4"
      }
    },
    "node_modules/@pixi/constants": {
      "version": "6.0.4",
      "resolved": "https://registry.npmjs.org/@pixi/constants/-/constants-6.0.4.tgz",
      "integrity": "sha512-khwRMfuHVdFk93L+bf0mmCwtSloYlfBfjdseIAbJL+VSpeMG1S2DzCYlMCPdp4mvDLU9LvkH2U2leZGEIx5j7g==",
      "peer": true
    },
    "node_modules/@pixi/core": {
      "version": "6.0.4",
      "resolved": "https://registry.npmjs.org/@pixi/core/-/core-6.0.4.tgz",
      "integrity": "sha512-r1ceyAz0z3usUs0uj4u2986vVT2tQixGNin2o9FNhPFDXbN5EaoKHLtrjGBt1iylK/EUH/nfL5zq0SGa/loW0A==",
      "peer": true,
      "dependencies": {
        "@pixi/constants": "6.0.4",
        "@pixi/math": "6.0.4",
        "@pixi/runner": "6.0.4",
        "@pixi/settings": "6.0.4",
        "@pixi/ticker": "6.0.4",
        "@pixi/utils": "6.0.4"
      },
      "funding": {
        "type": "opencollective",
        "url": "https://opencollective.com/pixijs"
      }
    },
    "node_modules/@pixi/display": {
      "version": "6.0.4",
      "resolved": "https://registry.npmjs.org/@pixi/display/-/display-6.0.4.tgz",
      "integrity": "sha512-v6hjx5Gm5aIlLQ7xrsZ2lstI1cv/MtbWXJOhU8LXckkrHHUvAuJgml3+0pcHw8YLuOlepZngUuiqy/XjceVk8A==",
      "peer": true,
      "dependencies": {
        "@pixi/math": "6.0.4",
        "@pixi/settings": "6.0.4",
        "@pixi/utils": "6.0.4"
      }
    },
    "node_modules/@pixi/extract": {
      "version": "6.0.4",
      "resolved": "https://registry.npmjs.org/@pixi/extract/-/extract-6.0.4.tgz",
      "integrity": "sha512-xf/pnc5od7YJ8zCVIrv1km7i+P+rxYcSrrBI/hqX+qoVsI5EySKInf2GhCKHz4UjOHdSL5aPDnNYvzssNdIpdQ==",
      "peer": true,
      "dependencies": {
        "@pixi/core": "6.0.4",
        "@pixi/math": "6.0.4",
        "@pixi/utils": "6.0.4"
      }
    },
    "node_modules/@pixi/filter-alpha": {
      "version": "6.0.4",
      "resolved": "https://registry.npmjs.org/@pixi/filter-alpha/-/filter-alpha-6.0.4.tgz",
      "integrity": "sha512-MZEfvNPfH2NfrwgqKhwwzurnbLujphx4KNQmS63MEZTvXuQJy16DEOs459APYF6PmeGAGuDPKd5Onk/VbLRUwQ==",
      "peer": true,
      "dependencies": {
        "@pixi/core": "6.0.4"
      }
    },
    "node_modules/@pixi/filter-blur": {
      "version": "6.0.4",
      "resolved": "https://registry.npmjs.org/@pixi/filter-blur/-/filter-blur-6.0.4.tgz",
      "integrity": "sha512-Hb14geh8ZKc8jZ4lfKyeWThLMqIvha6DdRUTfiSdKe3L7Q6qwqsb7LPtIrZHAPEQCyFLWbcOvRMy6ZFy0YkpLA==",
      "peer": true,
      "dependencies": {
        "@pixi/core": "6.0.4",
        "@pixi/settings": "6.0.4"
      }
    },
    "node_modules/@pixi/filter-color-matrix": {
      "version": "6.0.4",
      "resolved": "https://registry.npmjs.org/@pixi/filter-color-matrix/-/filter-color-matrix-6.0.4.tgz",
      "integrity": "sha512-31Rf9VBo2gqoxiAbD/Z1i+mu1C7uehecoelYQqCIzLjsWisICDTZZjUkMB5GrGzjeSpSqLfB34tlutBSh/r1wg==",
      "peer": true,
      "dependencies": {
        "@pixi/core": "6.0.4"
      }
    },
    "node_modules/@pixi/filter-displacement": {
      "version": "6.0.4",
      "resolved": "https://registry.npmjs.org/@pixi/filter-displacement/-/filter-displacement-6.0.4.tgz",
      "integrity": "sha512-Oyk/WbzxlN46d/uB5NtPLfEW2G6ob5XRP+mPVd8yhK38m9Y9rKlcH4jJoWB2niQ+ewkdRfZhuIB+JRdhc9eevg==",
      "peer": true,
      "dependencies": {
        "@pixi/core": "6.0.4",
        "@pixi/math": "6.0.4"
      }
    },
    "node_modules/@pixi/filter-fxaa": {
      "version": "6.0.4",
      "resolved": "https://registry.npmjs.org/@pixi/filter-fxaa/-/filter-fxaa-6.0.4.tgz",
      "integrity": "sha512-cO5XuEIq//Wsk4MjrCYuXff+1/Gfc4bkFkMTO5JKvUaDlZzHNykZd5CeAouD2fz7/6/1z0gdWKbBY9IoameBew==",
      "peer": true,
      "dependencies": {
        "@pixi/core": "6.0.4"
      }
    },
    "node_modules/@pixi/filter-noise": {
      "version": "6.0.4",
      "resolved": "https://registry.npmjs.org/@pixi/filter-noise/-/filter-noise-6.0.4.tgz",
      "integrity": "sha512-Fpex0tpKCwZIsN03zAmN7hAOCocFF/w4XVVIkuNgYR5A90OkK+omR6p/fDtlJtlAjWarsWq0y+c5wvvUMfqsmg==",
      "peer": true,
      "dependencies": {
        "@pixi/core": "6.0.4"
      }
    },
    "node_modules/@pixi/graphics": {
      "version": "6.0.4",
      "resolved": "https://registry.npmjs.org/@pixi/graphics/-/graphics-6.0.4.tgz",
      "integrity": "sha512-CybR+DBkGB5llypPeib2A0J13mnPQwlQDqLRhlhXKkYxXQKXlPk5MWA7ZEg+4wKeqUUlrC+k70e5ZFYLC3AgEQ==",
      "peer": true,
      "dependencies": {
        "@pixi/constants": "6.0.4",
        "@pixi/core": "6.0.4",
        "@pixi/display": "6.0.4",
        "@pixi/math": "6.0.4",
        "@pixi/sprite": "6.0.4",
        "@pixi/utils": "6.0.4"
      }
    },
    "node_modules/@pixi/interaction": {
      "version": "6.0.4",
      "resolved": "https://registry.npmjs.org/@pixi/interaction/-/interaction-6.0.4.tgz",
      "integrity": "sha512-4+FOKDpiF/+F9r3+y81xTBElcLqI3OpeeI9bkIw9pPHA41riXRQv+m0HWz76bGQK7zDAimAV9K2xff7Wa5nSeg==",
      "peer": true,
      "dependencies": {
        "@pixi/core": "6.0.4",
        "@pixi/display": "6.0.4",
        "@pixi/math": "6.0.4",
        "@pixi/ticker": "6.0.4",
        "@pixi/utils": "6.0.4"
      }
    },
    "node_modules/@pixi/loaders": {
      "version": "6.0.4",
      "resolved": "https://registry.npmjs.org/@pixi/loaders/-/loaders-6.0.4.tgz",
      "integrity": "sha512-cw8QSkn8l8P06fINfwCZW+vUdhtOJ5G+T2qQm3HIDgI/J1tAsiRj3ufHop8xkHwYXrUeTf1LTqw+QdlZEVpJfg==",
      "peer": true,
      "dependencies": {
        "@pixi/constants": "6.0.4",
        "@pixi/core": "6.0.4",
        "@pixi/utils": "6.0.4",
        "resource-loader": "^3.0.1"
      }
    },
    "node_modules/@pixi/math": {
      "version": "6.0.4",
      "resolved": "https://registry.npmjs.org/@pixi/math/-/math-6.0.4.tgz",
      "integrity": "sha512-UwZ72CeZ2KsS4IlcEXgNiuD88omPk42Dct74+1G+R2+yPI+XRZq+hGQRTle/BbFYjxh9ccdQVyX9ToGv1XTd6Q==",
      "peer": true
    },
    "node_modules/@pixi/mesh": {
      "version": "6.0.4",
      "resolved": "https://registry.npmjs.org/@pixi/mesh/-/mesh-6.0.4.tgz",
      "integrity": "sha512-uE1Qs4mXy0QVV3yjxlNeqthkXGS6Hkt5uR1fwrvdqxlQRkX69nRq+GZfInuRYDWqwAsl8eZWs7f+pLRDT+HFbA==",
      "peer": true,
      "dependencies": {
        "@pixi/constants": "6.0.4",
        "@pixi/core": "6.0.4",
        "@pixi/display": "6.0.4",
        "@pixi/math": "6.0.4",
        "@pixi/settings": "6.0.4",
        "@pixi/utils": "6.0.4"
      }
    },
    "node_modules/@pixi/mesh-extras": {
      "version": "6.0.4",
      "resolved": "https://registry.npmjs.org/@pixi/mesh-extras/-/mesh-extras-6.0.4.tgz",
      "integrity": "sha512-2fGM8j2NBwPV71SSmMfke1N1oEQ34+J19rdaAb+p1fXex0FafqtXVO49Q8rPMvungKDplMKElzQoaC1G6JGKqA==",
      "peer": true,
      "dependencies": {
        "@pixi/constants": "6.0.4",
        "@pixi/core": "6.0.4",
        "@pixi/math": "6.0.4",
        "@pixi/mesh": "6.0.4",
        "@pixi/utils": "6.0.4"
      }
    },
    "node_modules/@pixi/mixin-cache-as-bitmap": {
      "version": "6.0.4",
      "resolved": "https://registry.npmjs.org/@pixi/mixin-cache-as-bitmap/-/mixin-cache-as-bitmap-6.0.4.tgz",
      "integrity": "sha512-b1G5AWsxnw3CxNyaxCWJ1cWPnRECknJQ9B4D8Dy7u/gI2gABVjqz17nNFYnVpcggLlgMTkjX8+/HWnD/vZQkTg==",
      "peer": true,
      "dependencies": {
        "@pixi/canvas-renderer": "6.0.4",
        "@pixi/core": "6.0.4",
        "@pixi/display": "6.0.4",
        "@pixi/math": "6.0.4",
        "@pixi/settings": "6.0.4",
        "@pixi/sprite": "6.0.4",
        "@pixi/utils": "6.0.4"
      }
    },
    "node_modules/@pixi/mixin-get-child-by-name": {
      "version": "6.0.4",
      "resolved": "https://registry.npmjs.org/@pixi/mixin-get-child-by-name/-/mixin-get-child-by-name-6.0.4.tgz",
      "integrity": "sha512-scUMBHlOmW0hpjltn4UCihJZvz3ysDYIW35ma9p9Lso2D9qKjsZpojQ6mc75FVWz53T0BjUmLW8LHA86Jic6MQ==",
      "peer": true,
      "dependencies": {
        "@pixi/display": "6.0.4"
      }
    },
    "node_modules/@pixi/mixin-get-global-position": {
      "version": "6.0.4",
      "resolved": "https://registry.npmjs.org/@pixi/mixin-get-global-position/-/mixin-get-global-position-6.0.4.tgz",
      "integrity": "sha512-HzaFTMZEZTr6+WYuT9crTjjBYl7/Y/VDB7pWmjnntEdQsa1m0+by7Mnl67L6OSUPsAgW3MMlWirb5tL2zGFC7g==",
      "peer": true,
      "dependencies": {
        "@pixi/display": "6.0.4",
        "@pixi/math": "6.0.4"
      }
    },
    "node_modules/@pixi/particles": {
      "version": "6.0.4",
      "resolved": "https://registry.npmjs.org/@pixi/particles/-/particles-6.0.4.tgz",
      "integrity": "sha512-/57nd+icuPFMNc+SxeUqGoO8ZXEKu9u8h+UI856XF1Rc1jlXzGanGAbp43Llq2LphYqBI8YVftP0QXhewCVjjA==",
      "peer": true,
      "dependencies": {
        "@pixi/constants": "6.0.4",
        "@pixi/core": "6.0.4",
        "@pixi/display": "6.0.4",
        "@pixi/math": "6.0.4",
        "@pixi/utils": "6.0.4"
      }
    },
    "node_modules/@pixi/polyfill": {
      "version": "6.0.4",
      "resolved": "https://registry.npmjs.org/@pixi/polyfill/-/polyfill-6.0.4.tgz",
      "integrity": "sha512-HM27pSl8iduFqUC4Waa9mt/gRKHi8Pr679it84+U4CwXmJ2lw9DL5dZuyU+QzCp2nPEVGMqx8Ig8c7WLUMvnWA==",
      "peer": true,
      "dependencies": {
        "object-assign": "^4.1.1",
        "promise-polyfill": "^8.2.0"
      }
    },
    "node_modules/@pixi/prepare": {
      "version": "6.0.4",
      "resolved": "https://registry.npmjs.org/@pixi/prepare/-/prepare-6.0.4.tgz",
      "integrity": "sha512-BrOeKC6eZ+sdiqpefUMGXIt/VDiYDqPDP7XUCRmaI8rGTFT6ZAg/XJQENb9TsVen/4dUp+9/1u7HCFO1TEhaWQ==",
      "peer": true,
      "dependencies": {
        "@pixi/core": "6.0.4",
        "@pixi/display": "6.0.4",
        "@pixi/graphics": "6.0.4",
        "@pixi/settings": "6.0.4",
        "@pixi/text": "6.0.4",
        "@pixi/ticker": "6.0.4"
      }
    },
    "node_modules/@pixi/runner": {
      "version": "6.0.4",
      "resolved": "https://registry.npmjs.org/@pixi/runner/-/runner-6.0.4.tgz",
      "integrity": "sha512-ta6r36r2vC+fPB27URpSacPGQDtbJbdUoeGCJWAEwX+QI4vx4C9NYAcB0bIg8TLXiigCfA6by/RMnJ0dBiemFA==",
      "peer": true
    },
    "node_modules/@pixi/settings": {
      "version": "6.0.4",
      "resolved": "https://registry.npmjs.org/@pixi/settings/-/settings-6.0.4.tgz",
      "integrity": "sha512-djiIsmULDwcHWNmEiZKm4zyVopu1NL+fClnbBmtDkGZw7nm37y6dOcdpYawJcxvE4/KLm6pspBiRTnrzdlqW7Q==",
      "peer": true,
      "dependencies": {
        "ismobilejs": "^1.1.0"
      }
    },
    "node_modules/@pixi/sprite": {
      "version": "6.0.4",
      "resolved": "https://registry.npmjs.org/@pixi/sprite/-/sprite-6.0.4.tgz",
      "integrity": "sha512-6yMoHmfFhSRERLM1PUXceq9e6e1UH0YJkLoPVLv6gxMunfk6jPXeO8p9dDS2FQ8ZMSkO/16BKq27HIMKvF6Cvg==",
      "peer": true,
      "dependencies": {
        "@pixi/constants": "6.0.4",
        "@pixi/core": "6.0.4",
        "@pixi/display": "6.0.4",
        "@pixi/math": "6.0.4",
        "@pixi/settings": "6.0.4",
        "@pixi/utils": "6.0.4"
      }
    },
    "node_modules/@pixi/sprite-animated": {
      "version": "6.0.4",
      "resolved": "https://registry.npmjs.org/@pixi/sprite-animated/-/sprite-animated-6.0.4.tgz",
      "integrity": "sha512-uzNeJiZqcnuRc7HH/HdWxrkU7S3/D57rEGK+AuoaWEE2e2HlBWILGkf78mtqmeIrEChxe2qkOVkf4y3BZkzJVw==",
      "peer": true,
      "dependencies": {
        "@pixi/core": "6.0.4",
        "@pixi/sprite": "6.0.4",
        "@pixi/ticker": "6.0.4"
      }
    },
    "node_modules/@pixi/sprite-tiling": {
      "version": "6.0.4",
      "resolved": "https://registry.npmjs.org/@pixi/sprite-tiling/-/sprite-tiling-6.0.4.tgz",
      "integrity": "sha512-4TBsKMeGhwmfsVELorSs+zWWBih37Kd0lPQu0uhcHVV1RKtZxZpkgNoyzKS4d+WInNek5F0E592bYsXkbE6Gag==",
      "peer": true,
      "dependencies": {
        "@pixi/constants": "6.0.4",
        "@pixi/core": "6.0.4",
        "@pixi/display": "6.0.4",
        "@pixi/math": "6.0.4",
        "@pixi/sprite": "6.0.4",
        "@pixi/utils": "6.0.4"
      }
    },
    "node_modules/@pixi/spritesheet": {
      "version": "6.0.4",
      "resolved": "https://registry.npmjs.org/@pixi/spritesheet/-/spritesheet-6.0.4.tgz",
      "integrity": "sha512-WgOBoi9KvLkHtfSyKSEzjIq6BkLwC+Ckllh+vWgfjfFDhtm7NdOfxW5WVIoCLfyfv5/NSwEMEEffZrcw4zYA/A==",
      "peer": true,
      "dependencies": {
        "@pixi/core": "6.0.4",
        "@pixi/loaders": "6.0.4",
        "@pixi/math": "6.0.4",
        "@pixi/utils": "6.0.4"
      }
    },
    "node_modules/@pixi/text": {
      "version": "6.0.4",
      "resolved": "https://registry.npmjs.org/@pixi/text/-/text-6.0.4.tgz",
      "integrity": "sha512-r9UJg8ivWvvS7nNyBaZBKX5zg5UCU37dIYbKXcHyiXnOvXO22tiQBfkPBrZCueeLXRouC9sHmDFya8rb5TE9HA==",
      "peer": true,
      "dependencies": {
        "@pixi/core": "6.0.4",
        "@pixi/math": "6.0.4",
        "@pixi/settings": "6.0.4",
        "@pixi/sprite": "6.0.4",
        "@pixi/utils": "6.0.4"
      }
    },
    "node_modules/@pixi/text-bitmap": {
      "version": "6.0.4",
      "resolved": "https://registry.npmjs.org/@pixi/text-bitmap/-/text-bitmap-6.0.4.tgz",
      "integrity": "sha512-Nh2PXixqF0LFJ0xwmTib2HVWdhgsHn+dSYMVIec8LndDFQMTBw+X2XP1iHjVm0xhqOVdZI+Qfb2Trc0j2lINrw==",
      "peer": true,
      "dependencies": {
        "@pixi/core": "6.0.4",
        "@pixi/display": "6.0.4",
        "@pixi/loaders": "6.0.4",
        "@pixi/math": "6.0.4",
        "@pixi/mesh": "6.0.4",
        "@pixi/settings": "6.0.4",
        "@pixi/text": "6.0.4",
        "@pixi/utils": "6.0.4"
      }
    },
    "node_modules/@pixi/ticker": {
      "version": "6.0.4",
      "resolved": "https://registry.npmjs.org/@pixi/ticker/-/ticker-6.0.4.tgz",
      "integrity": "sha512-PkFfPP5vHlgnApLks0Ia0okmFu6KPqBdIyquDqHJAcBdgljedm32KS6K2EH37xelBOzYHScjZ2SQGiiebVfClw==",
      "peer": true,
      "dependencies": {
        "@pixi/settings": "6.0.4"
      }
    },
    "node_modules/@pixi/utils": {
      "version": "6.0.4",
      "resolved": "https://registry.npmjs.org/@pixi/utils/-/utils-6.0.4.tgz",
      "integrity": "sha512-35JTWsAJ8Va0vvtUSQvyOr3kGedGKVuJnHDO89B8C8tSFtMpJYrR44vp1b1p1vOjNak+ulGehZc8LzlCqymViQ==",
      "peer": true,
      "dependencies": {
        "@pixi/constants": "6.0.4",
        "@pixi/settings": "6.0.4",
        "@types/earcut": "^2.1.0",
        "earcut": "^2.2.2",
        "eventemitter3": "^3.1.0",
        "url": "^0.11.0"
      }
    },
    "node_modules/@types/earcut": {
      "version": "2.1.1",
      "resolved": "https://registry.npmjs.org/@types/earcut/-/earcut-2.1.1.tgz",
      "integrity": "sha512-w8oigUCDjElRHRRrMvn/spybSMyX8MTkKA5Dv+tS1IE/TgmNZPqUYtvYBXGY8cieSE66gm+szeK+bnbxC2xHTQ==",
      "peer": true
    },
    "node_modules/earcut": {
      "version": "2.2.3",
      "resolved": "https://registry.npmjs.org/earcut/-/earcut-2.2.3.tgz",
      "integrity": "sha512-iRDI1QeCQIhMCZk48DRDMVgQSSBDmbzzNhnxIo+pwx3swkfjMh6vh0nWLq1NdvGHLKH6wIrAM3vQWeTj6qeoug==",
      "peer": true
    },
    "node_modules/esbuild": {
      "version": "0.12.15",
      "resolved": "https://registry.npmjs.org/esbuild/-/esbuild-0.12.15.tgz",
      "integrity": "sha512-72V4JNd2+48eOVCXx49xoSWHgC3/cCy96e7mbXKY+WOWghN00cCmlGnwVLRhRHorvv0dgCyuMYBZlM2xDM5OQw==",
      "dev": true,
      "hasInstallScript": true,
      "bin": {
        "esbuild": "bin/esbuild"
      }
    },
    "node_modules/eventemitter3": {
      "version": "3.1.2",
      "resolved": "https://registry.npmjs.org/eventemitter3/-/eventemitter3-3.1.2.tgz",
      "integrity": "sha512-tvtQIeLVHjDkJYnzf2dgVMxfuSGJeM/7UCG17TT4EumTfNtF+0nebF/4zWOIkCreAbtNqhGEboB6BWrwqNaw4Q==",
      "peer": true
    },
    "node_modules/ismobilejs": {
      "version": "1.1.1",
      "resolved": "https://registry.npmjs.org/ismobilejs/-/ismobilejs-1.1.1.tgz",
      "integrity": "sha512-VaFW53yt8QO61k2WJui0dHf4SlL8lxBofUuUmwBo0ljPk0Drz2TiuDW4jo3wDcv41qy/SxrJ+VAzJ/qYqsmzRw==",
      "peer": true
    },
    "node_modules/mini-signals": {
      "version": "1.2.0",
      "resolved": "https://registry.npmjs.org/mini-signals/-/mini-signals-1.2.0.tgz",
      "integrity": "sha1-RbCAE8X65RokqhqTXNMXye1yHXQ=",
      "peer": true
    },
    "node_modules/object-assign": {
      "version": "4.1.1",
      "resolved": "https://registry.npmjs.org/object-assign/-/object-assign-4.1.1.tgz",
      "integrity": "sha1-IQmtx5ZYh8/AXLvUQsrIv7s2CGM=",
      "peer": true,
      "engines": {
        "node": ">=0.10.0"
      }
    },
    "node_modules/parse-uri": {
      "version": "1.0.3",
      "resolved": "https://registry.npmjs.org/parse-uri/-/parse-uri-1.0.3.tgz",
      "integrity": "sha512-upMnGxNcm+45So85HoguwZTVZI9u11i36DdxJfGF2HYWS2eh3TIx7+/tTi7qrEq15qzGkVhsKjesau+kCk48pA==",
      "peer": true,
      "engines": {
        "node": ">= 0.10"
      }
    },
    "node_modules/penner": {
      "version": "0.1.3",
      "resolved": "https://registry.npmjs.org/penner/-/penner-0.1.3.tgz",
      "integrity": "sha1-C4tILU6bOa8vPXw3WSIpuKzClwU=",
      "dev": true
    },
    "node_modules/pixi-viewport": {
      "version": "4.31.0",
      "resolved": "https://registry.npmjs.org/pixi-viewport/-/pixi-viewport-4.31.0.tgz",
      "integrity": "sha512-VnI080My0dBN5b+JQEOdhSEr3zX4jD0CchMxhBfpj2BQoPIUppxTsi/R/kEdQ5ZnjGCn76/k0Q0xeW3WbEKb7g==",
      "dev": true,
      "dependencies": {
        "penner": "^0.1.3"
      },
      "peerDependencies": {
        "@pixi/display": "^6.0.0",
        "@pixi/interaction": "^6.0.0",
        "@pixi/math": "^6.0.0",
        "@pixi/ticker": "^6.0.0"
      }
    },
    "node_modules/pixi.js": {
      "version": "6.0.4",
      "resolved": "https://registry.npmjs.org/pixi.js/-/pixi.js-6.0.4.tgz",
      "integrity": "sha512-zAlwr5x9xytaflmZiZWl/ZhlSf+lZzeJG+Hexa7Buf7cvEhHPfSITy4NNk0+qnMXKooQidikBmypShDsj2jAdg==",
      "peer": true,
      "dependencies": {
        "@pixi/accessibility": "6.0.4",
        "@pixi/app": "6.0.4",
        "@pixi/compressed-textures": "6.0.4",
        "@pixi/constants": "6.0.4",
        "@pixi/core": "6.0.4",
        "@pixi/display": "6.0.4",
        "@pixi/extract": "6.0.4",
        "@pixi/filter-alpha": "6.0.4",
        "@pixi/filter-blur": "6.0.4",
        "@pixi/filter-color-matrix": "6.0.4",
        "@pixi/filter-displacement": "6.0.4",
        "@pixi/filter-fxaa": "6.0.4",
        "@pixi/filter-noise": "6.0.4",
        "@pixi/graphics": "6.0.4",
        "@pixi/interaction": "6.0.4",
        "@pixi/loaders": "6.0.4",
        "@pixi/math": "6.0.4",
        "@pixi/mesh": "6.0.4",
        "@pixi/mesh-extras": "6.0.4",
        "@pixi/mixin-cache-as-bitmap": "6.0.4",
        "@pixi/mixin-get-child-by-name": "6.0.4",
        "@pixi/mixin-get-global-position": "6.0.4",
        "@pixi/particles": "6.0.4",
        "@pixi/polyfill": "6.0.4",
        "@pixi/prepare": "6.0.4",
        "@pixi/runner": "6.0.4",
        "@pixi/settings": "6.0.4",
        "@pixi/sprite": "6.0.4",
        "@pixi/sprite-animated": "6.0.4",
        "@pixi/sprite-tiling": "6.0.4",
        "@pixi/spritesheet": "6.0.4",
        "@pixi/text": "6.0.4",
        "@pixi/text-bitmap": "6.0.4",
        "@pixi/ticker": "6.0.4",
        "@pixi/utils": "6.0.4"
      },
      "funding": {
        "type": "opencollective",
        "url": "https://opencollective.com/pixijs"
      }
    },
    "node_modules/promise-polyfill": {
      "version": "8.2.0",
      "resolved": "https://registry.npmjs.org/promise-polyfill/-/promise-polyfill-8.2.0.tgz",
      "integrity": "sha512-k/TC0mIcPVF6yHhUvwAp7cvL6I2fFV7TzF1DuGPI8mBh4QQazf36xCKEHKTZKRysEoTQoQdKyP25J8MPJp7j5g==",
      "peer": true
    },
    "node_modules/punycode": {
      "version": "1.3.2",
      "resolved": "https://registry.npmjs.org/punycode/-/punycode-1.3.2.tgz",
      "integrity": "sha1-llOgNvt8HuQjQvIyXM7v6jkmxI0=",
      "peer": true
    },
    "node_modules/querystring": {
      "version": "0.2.0",
      "resolved": "https://registry.npmjs.org/querystring/-/querystring-0.2.0.tgz",
      "integrity": "sha1-sgmEkgO7Jd+CDadW50cAWHhSFiA=",
      "deprecated": "The querystring API is considered Legacy. new code should use the URLSearchParams API instead.",
      "peer": true,
      "engines": {
        "node": ">=0.4.x"
      }
    },
    "node_modules/resource-loader": {
      "version": "3.0.1",
      "resolved": "https://registry.npmjs.org/resource-loader/-/resource-loader-3.0.1.tgz",
      "integrity": "sha512-fBuCRbEHdLCI1eglzQhUv9Rrdcmqkydr1r6uHE2cYHvRBrcLXeSmbE/qI/urFt8rPr/IGxir3BUwM5kUK8XoyA==",
      "peer": true,
      "dependencies": {
        "mini-signals": "^1.2.0",
        "parse-uri": "^1.0.0"
      }
    },
    "node_modules/typescript": {
      "version": "4.3.5",
      "resolved": "https://registry.npmjs.org/typescript/-/typescript-4.3.5.tgz",
      "integrity": "sha512-DqQgihaQ9cUrskJo9kIyW/+g0Vxsk8cDtZ52a3NGh0YNTfpUSArXSohyUGnvbPazEPLu398C0UxmKSOrPumUzA==",
      "dev": true,
      "bin": {
        "tsc": "bin/tsc",
        "tsserver": "bin/tsserver"
      },
      "engines": {
        "node": ">=4.2.0"
      }
    },
    "node_modules/url": {
      "version": "0.11.0",
      "resolved": "https://registry.npmjs.org/url/-/url-0.11.0.tgz",
      "integrity": "sha1-ODjpfPxgUh63PFJajlW/3Z4uKPE=",
      "peer": true,
      "dependencies": {
        "punycode": "1.3.2",
        "querystring": "0.2.0"
      }
    }
  },
  "dependencies": {
    "@pixi/accessibility": {
      "version": "6.0.4",
      "resolved": "https://registry.npmjs.org/@pixi/accessibility/-/accessibility-6.0.4.tgz",
      "integrity": "sha512-S0Co6M+BIx+Yk3INCwGp5Xif0jIv/uj5JPMbctpMV7fSsE3x0nYvcOOAfBjkGhYcXG7fNOGrYLgs5XQOBIWGtA==",
      "peer": true,
      "requires": {
        "@pixi/canvas-renderer": "6.0.4",
        "@pixi/core": "6.0.4",
        "@pixi/display": "6.0.4",
        "@pixi/utils": "6.0.4"
      }
    },
    "@pixi/app": {
      "version": "6.0.4",
      "resolved": "https://registry.npmjs.org/@pixi/app/-/app-6.0.4.tgz",
      "integrity": "sha512-+BiuaQtnOBR5/Q8+nXnHE2tuZyuBnqy/cwbIR1ImPnKAs7UaCcRLf1R0RvnRFu4KMP4ozTd810p0k84TzIguTA==",
      "peer": true,
      "requires": {
        "@pixi/core": "6.0.4",
        "@pixi/display": "6.0.4"
      }
    },
    "@pixi/canvas-renderer": {
      "version": "6.0.4",
      "resolved": "https://registry.npmjs.org/@pixi/canvas-renderer/-/canvas-renderer-6.0.4.tgz",
      "integrity": "sha512-z2r1nzYsAp9+gipvlFCj0rd0yfjVq1hTQkyWuMbo5TrePdEo3NLRrCUGo1dHJNbeSERpgGNN05OAiGQbAI+AUg==",
      "peer": true,
      "requires": {
        "@pixi/constants": "6.0.4",
        "@pixi/core": "6.0.4",
        "@pixi/math": "6.0.4",
        "@pixi/settings": "6.0.4",
        "@pixi/utils": "6.0.4"
      }
    },
    "@pixi/compressed-textures": {
      "version": "6.0.4",
      "resolved": "https://registry.npmjs.org/@pixi/compressed-textures/-/compressed-textures-6.0.4.tgz",
      "integrity": "sha512-AqQPuuXcNrR28YT69SZhRxRRwzqQcQ/QrlexAR9Fohpe+jfDnvlNaIvQQoXU7HxD7huRiQ/dm3nwsLiKPqVoTg==",
      "peer": true,
      "requires": {
        "@pixi/constants": "6.0.4",
        "@pixi/core": "6.0.4",
        "@pixi/loaders": "6.0.4",
        "@pixi/utils": "6.0.4"
      }
    },
    "@pixi/constants": {
      "version": "6.0.4",
      "resolved": "https://registry.npmjs.org/@pixi/constants/-/constants-6.0.4.tgz",
      "integrity": "sha512-khwRMfuHVdFk93L+bf0mmCwtSloYlfBfjdseIAbJL+VSpeMG1S2DzCYlMCPdp4mvDLU9LvkH2U2leZGEIx5j7g==",
      "peer": true
    },
    "@pixi/core": {
      "version": "6.0.4",
      "resolved": "https://registry.npmjs.org/@pixi/core/-/core-6.0.4.tgz",
      "integrity": "sha512-r1ceyAz0z3usUs0uj4u2986vVT2tQixGNin2o9FNhPFDXbN5EaoKHLtrjGBt1iylK/EUH/nfL5zq0SGa/loW0A==",
      "peer": true,
      "requires": {
        "@pixi/constants": "6.0.4",
        "@pixi/math": "6.0.4",
        "@pixi/runner": "6.0.4",
        "@pixi/settings": "6.0.4",
        "@pixi/ticker": "6.0.4",
        "@pixi/utils": "6.0.4"
      }
    },
    "@pixi/display": {
      "version": "6.0.4",
      "resolved": "https://registry.npmjs.org/@pixi/display/-/display-6.0.4.tgz",
      "integrity": "sha512-v6hjx5Gm5aIlLQ7xrsZ2lstI1cv/MtbWXJOhU8LXckkrHHUvAuJgml3+0pcHw8YLuOlepZngUuiqy/XjceVk8A==",
      "peer": true,
      "requires": {
        "@pixi/math": "6.0.4",
        "@pixi/settings": "6.0.4",
        "@pixi/utils": "6.0.4"
      }
    },
    "@pixi/extract": {
      "version": "6.0.4",
      "resolved": "https://registry.npmjs.org/@pixi/extract/-/extract-6.0.4.tgz",
      "integrity": "sha512-xf/pnc5od7YJ8zCVIrv1km7i+P+rxYcSrrBI/hqX+qoVsI5EySKInf2GhCKHz4UjOHdSL5aPDnNYvzssNdIpdQ==",
      "peer": true,
      "requires": {
        "@pixi/core": "6.0.4",
        "@pixi/math": "6.0.4",
        "@pixi/utils": "6.0.4"
      }
    },
    "@pixi/filter-alpha": {
      "version": "6.0.4",
      "resolved": "https://registry.npmjs.org/@pixi/filter-alpha/-/filter-alpha-6.0.4.tgz",
      "integrity": "sha512-MZEfvNPfH2NfrwgqKhwwzurnbLujphx4KNQmS63MEZTvXuQJy16DEOs459APYF6PmeGAGuDPKd5Onk/VbLRUwQ==",
      "peer": true,
      "requires": {
        "@pixi/core": "6.0.4"
      }
    },
    "@pixi/filter-blur": {
      "version": "6.0.4",
      "resolved": "https://registry.npmjs.org/@pixi/filter-blur/-/filter-blur-6.0.4.tgz",
      "integrity": "sha512-Hb14geh8ZKc8jZ4lfKyeWThLMqIvha6DdRUTfiSdKe3L7Q6qwqsb7LPtIrZHAPEQCyFLWbcOvRMy6ZFy0YkpLA==",
      "peer": true,
      "requires": {
        "@pixi/core": "6.0.4",
        "@pixi/settings": "6.0.4"
      }
    },
    "@pixi/filter-color-matrix": {
      "version": "6.0.4",
      "resolved": "https://registry.npmjs.org/@pixi/filter-color-matrix/-/filter-color-matrix-6.0.4.tgz",
      "integrity": "sha512-31Rf9VBo2gqoxiAbD/Z1i+mu1C7uehecoelYQqCIzLjsWisICDTZZjUkMB5GrGzjeSpSqLfB34tlutBSh/r1wg==",
      "peer": true,
      "requires": {
        "@pixi/core": "6.0.4"
      }
    },
    "@pixi/filter-displacement": {
      "version": "6.0.4",
      "resolved": "https://registry.npmjs.org/@pixi/filter-displacement/-/filter-displacement-6.0.4.tgz",
      "integrity": "sha512-Oyk/WbzxlN46d/uB5NtPLfEW2G6ob5XRP+mPVd8yhK38m9Y9rKlcH4jJoWB2niQ+ewkdRfZhuIB+JRdhc9eevg==",
      "peer": true,
      "requires": {
        "@pixi/core": "6.0.4",
        "@pixi/math": "6.0.4"
      }
    },
    "@pixi/filter-fxaa": {
      "version": "6.0.4",
      "resolved": "https://registry.npmjs.org/@pixi/filter-fxaa/-/filter-fxaa-6.0.4.tgz",
      "integrity": "sha512-cO5XuEIq//Wsk4MjrCYuXff+1/Gfc4bkFkMTO5JKvUaDlZzHNykZd5CeAouD2fz7/6/1z0gdWKbBY9IoameBew==",
      "peer": true,
      "requires": {
        "@pixi/core": "6.0.4"
      }
    },
    "@pixi/filter-noise": {
      "version": "6.0.4",
      "resolved": "https://registry.npmjs.org/@pixi/filter-noise/-/filter-noise-6.0.4.tgz",
      "integrity": "sha512-Fpex0tpKCwZIsN03zAmN7hAOCocFF/w4XVVIkuNgYR5A90OkK+omR6p/fDtlJtlAjWarsWq0y+c5wvvUMfqsmg==",
      "peer": true,
      "requires": {
        "@pixi/core": "6.0.4"
      }
    },
    "@pixi/graphics": {
      "version": "6.0.4",
      "resolved": "https://registry.npmjs.org/@pixi/graphics/-/graphics-6.0.4.tgz",
      "integrity": "sha512-CybR+DBkGB5llypPeib2A0J13mnPQwlQDqLRhlhXKkYxXQKXlPk5MWA7ZEg+4wKeqUUlrC+k70e5ZFYLC3AgEQ==",
      "peer": true,
      "requires": {
        "@pixi/constants": "6.0.4",
        "@pixi/core": "6.0.4",
        "@pixi/display": "6.0.4",
        "@pixi/math": "6.0.4",
        "@pixi/sprite": "6.0.4",
        "@pixi/utils": "6.0.4"
      }
    },
    "@pixi/interaction": {
      "version": "6.0.4",
      "resolved": "https://registry.npmjs.org/@pixi/interaction/-/interaction-6.0.4.tgz",
      "integrity": "sha512-4+FOKDpiF/+F9r3+y81xTBElcLqI3OpeeI9bkIw9pPHA41riXRQv+m0HWz76bGQK7zDAimAV9K2xff7Wa5nSeg==",
      "peer": true,
      "requires": {
        "@pixi/core": "6.0.4",
        "@pixi/display": "6.0.4",
        "@pixi/math": "6.0.4",
        "@pixi/ticker": "6.0.4",
        "@pixi/utils": "6.0.4"
      }
    },
    "@pixi/loaders": {
      "version": "6.0.4",
      "resolved": "https://registry.npmjs.org/@pixi/loaders/-/loaders-6.0.4.tgz",
      "integrity": "sha512-cw8QSkn8l8P06fINfwCZW+vUdhtOJ5G+T2qQm3HIDgI/J1tAsiRj3ufHop8xkHwYXrUeTf1LTqw+QdlZEVpJfg==",
      "peer": true,
      "requires": {
        "@pixi/constants": "6.0.4",
        "@pixi/core": "6.0.4",
        "@pixi/utils": "6.0.4",
        "resource-loader": "^3.0.1"
      }
    },
    "@pixi/math": {
      "version": "6.0.4",
      "resolved": "https://registry.npmjs.org/@pixi/math/-/math-6.0.4.tgz",
      "integrity": "sha512-UwZ72CeZ2KsS4IlcEXgNiuD88omPk42Dct74+1G+R2+yPI+XRZq+hGQRTle/BbFYjxh9ccdQVyX9ToGv1XTd6Q==",
      "peer": true
    },
    "@pixi/mesh": {
      "version": "6.0.4",
      "resolved": "https://registry.npmjs.org/@pixi/mesh/-/mesh-6.0.4.tgz",
      "integrity": "sha512-uE1Qs4mXy0QVV3yjxlNeqthkXGS6Hkt5uR1fwrvdqxlQRkX69nRq+GZfInuRYDWqwAsl8eZWs7f+pLRDT+HFbA==",
      "peer": true,
      "requires": {
        "@pixi/constants": "6.0.4",
        "@pixi/core": "6.0.4",
        "@pixi/display": "6.0.4",
        "@pixi/math": "6.0.4",
        "@pixi/settings": "6.0.4",
        "@pixi/utils": "6.0.4"
      }
    },
    "@pixi/mesh-extras": {
      "version": "6.0.4",
      "resolved": "https://registry.npmjs.org/@pixi/mesh-extras/-/mesh-extras-6.0.4.tgz",
      "integrity": "sha512-2fGM8j2NBwPV71SSmMfke1N1oEQ34+J19rdaAb+p1fXex0FafqtXVO49Q8rPMvungKDplMKElzQoaC1G6JGKqA==",
      "peer": true,
      "requires": {
        "@pixi/constants": "6.0.4",
        "@pixi/core": "6.0.4",
        "@pixi/math": "6.0.4",
        "@pixi/mesh": "6.0.4",
        "@pixi/utils": "6.0.4"
      }
    },
    "@pixi/mixin-cache-as-bitmap": {
      "version": "6.0.4",
      "resolved": "https://registry.npmjs.org/@pixi/mixin-cache-as-bitmap/-/mixin-cache-as-bitmap-6.0.4.tgz",
      "integrity": "sha512-b1G5AWsxnw3CxNyaxCWJ1cWPnRECknJQ9B4D8Dy7u/gI2gABVjqz17nNFYnVpcggLlgMTkjX8+/HWnD/vZQkTg==",
      "peer": true,
      "requires": {
        "@pixi/canvas-renderer": "6.0.4",
        "@pixi/core": "6.0.4",
        "@pixi/display": "6.0.4",
        "@pixi/math": "6.0.4",
        "@pixi/settings": "6.0.4",
        "@pixi/sprite": "6.0.4",
        "@pixi/utils": "6.0.4"
      }
    },
    "@pixi/mixin-get-child-by-name": {
      "version": "6.0.4",
      "resolved": "https://registry.npmjs.org/@pixi/mixin-get-child-by-name/-/mixin-get-child-by-name-6.0.4.tgz",
      "integrity": "sha512-scUMBHlOmW0hpjltn4UCihJZvz3ysDYIW35ma9p9Lso2D9qKjsZpojQ6mc75FVWz53T0BjUmLW8LHA86Jic6MQ==",
      "peer": true,
      "requires": {
        "@pixi/display": "6.0.4"
      }
    },
    "@pixi/mixin-get-global-position": {
      "version": "6.0.4",
      "resolved": "https://registry.npmjs.org/@pixi/mixin-get-global-position/-/mixin-get-global-position-6.0.4.tgz",
      "integrity": "sha512-HzaFTMZEZTr6+WYuT9crTjjBYl7/Y/VDB7pWmjnntEdQsa1m0+by7Mnl67L6OSUPsAgW3MMlWirb5tL2zGFC7g==",
      "peer": true,
      "requires": {
        "@pixi/display": "6.0.4",
        "@pixi/math": "6.0.4"
      }
    },
    "@pixi/particles": {
      "version": "6.0.4",
      "resolved": "https://registry.npmjs.org/@pixi/particles/-/particles-6.0.4.tgz",
      "integrity": "sha512-/57nd+icuPFMNc+SxeUqGoO8ZXEKu9u8h+UI856XF1Rc1jlXzGanGAbp43Llq2LphYqBI8YVftP0QXhewCVjjA==",
      "peer": true,
      "requires": {
        "@pixi/constants": "6.0.4",
        "@pixi/core": "6.0.4",
        "@pixi/display": "6.0.4",
        "@pixi/math": "6.0.4",
        "@pixi/utils": "6.0.4"
      }
    },
    "@pixi/polyfill": {
      "version": "6.0.4",
      "resolved": "https://registry.npmjs.org/@pixi/polyfill/-/polyfill-6.0.4.tgz",
      "integrity": "sha512-HM27pSl8iduFqUC4Waa9mt/gRKHi8Pr679it84+U4CwXmJ2lw9DL5dZuyU+QzCp2nPEVGMqx8Ig8c7WLUMvnWA==",
      "peer": true,
      "requires": {
        "object-assign": "^4.1.1",
        "promise-polyfill": "^8.2.0"
      }
    },
    "@pixi/prepare": {
      "version": "6.0.4",
      "resolved": "https://registry.npmjs.org/@pixi/prepare/-/prepare-6.0.4.tgz",
      "integrity": "sha512-BrOeKC6eZ+sdiqpefUMGXIt/VDiYDqPDP7XUCRmaI8rGTFT6ZAg/XJQENb9TsVen/4dUp+9/1u7HCFO1TEhaWQ==",
      "peer": true,
      "requires": {
        "@pixi/core": "6.0.4",
        "@pixi/display": "6.0.4",
        "@pixi/graphics": "6.0.4",
        "@pixi/settings": "6.0.4",
        "@pixi/text": "6.0.4",
        "@pixi/ticker": "6.0.4"
      }
    },
    "@pixi/runner": {
      "version": "6.0.4",
      "resolved": "https://registry.npmjs.org/@pixi/runner/-/runner-6.0.4.tgz",
      "integrity": "sha512-ta6r36r2vC+fPB27URpSacPGQDtbJbdUoeGCJWAEwX+QI4vx4C9NYAcB0bIg8TLXiigCfA6by/RMnJ0dBiemFA==",
      "peer": true
    },
    "@pixi/settings": {
      "version": "6.0.4",
      "resolved": "https://registry.npmjs.org/@pixi/settings/-/settings-6.0.4.tgz",
      "integrity": "sha512-djiIsmULDwcHWNmEiZKm4zyVopu1NL+fClnbBmtDkGZw7nm37y6dOcdpYawJcxvE4/KLm6pspBiRTnrzdlqW7Q==",
      "peer": true,
      "requires": {
        "ismobilejs": "^1.1.0"
      }
    },
    "@pixi/sprite": {
      "version": "6.0.4",
      "resolved": "https://registry.npmjs.org/@pixi/sprite/-/sprite-6.0.4.tgz",
      "integrity": "sha512-6yMoHmfFhSRERLM1PUXceq9e6e1UH0YJkLoPVLv6gxMunfk6jPXeO8p9dDS2FQ8ZMSkO/16BKq27HIMKvF6Cvg==",
      "peer": true,
      "requires": {
        "@pixi/constants": "6.0.4",
        "@pixi/core": "6.0.4",
        "@pixi/display": "6.0.4",
        "@pixi/math": "6.0.4",
        "@pixi/settings": "6.0.4",
        "@pixi/utils": "6.0.4"
      }
    },
    "@pixi/sprite-animated": {
      "version": "6.0.4",
      "resolved": "https://registry.npmjs.org/@pixi/sprite-animated/-/sprite-animated-6.0.4.tgz",
      "integrity": "sha512-uzNeJiZqcnuRc7HH/HdWxrkU7S3/D57rEGK+AuoaWEE2e2HlBWILGkf78mtqmeIrEChxe2qkOVkf4y3BZkzJVw==",
      "peer": true,
      "requires": {
        "@pixi/core": "6.0.4",
        "@pixi/sprite": "6.0.4",
        "@pixi/ticker": "6.0.4"
      }
    },
    "@pixi/sprite-tiling": {
      "version": "6.0.4",
      "resolved": "https://registry.npmjs.org/@pixi/sprite-tiling/-/sprite-tiling-6.0.4.tgz",
      "integrity": "sha512-4TBsKMeGhwmfsVELorSs+zWWBih37Kd0lPQu0uhcHVV1RKtZxZpkgNoyzKS4d+WInNek5F0E592bYsXkbE6Gag==",
      "peer": true,
      "requires": {
        "@pixi/constants": "6.0.4",
        "@pixi/core": "6.0.4",
        "@pixi/display": "6.0.4",
        "@pixi/math": "6.0.4",
        "@pixi/sprite": "6.0.4",
        "@pixi/utils": "6.0.4"
      }
    },
    "@pixi/spritesheet": {
      "version": "6.0.4",
      "resolved": "https://registry.npmjs.org/@pixi/spritesheet/-/spritesheet-6.0.4.tgz",
      "integrity": "sha512-WgOBoi9KvLkHtfSyKSEzjIq6BkLwC+Ckllh+vWgfjfFDhtm7NdOfxW5WVIoCLfyfv5/NSwEMEEffZrcw4zYA/A==",
      "peer": true,
      "requires": {
        "@pixi/core": "6.0.4",
        "@pixi/loaders": "6.0.4",
        "@pixi/math": "6.0.4",
        "@pixi/utils": "6.0.4"
      }
    },
    "@pixi/text": {
      "version": "6.0.4",
      "resolved": "https://registry.npmjs.org/@pixi/text/-/text-6.0.4.tgz",
      "integrity": "sha512-r9UJg8ivWvvS7nNyBaZBKX5zg5UCU37dIYbKXcHyiXnOvXO22tiQBfkPBrZCueeLXRouC9sHmDFya8rb5TE9HA==",
      "peer": true,
      "requires": {
        "@pixi/core": "6.0.4",
        "@pixi/math": "6.0.4",
        "@pixi/settings": "6.0.4",
        "@pixi/sprite": "6.0.4",
        "@pixi/utils": "6.0.4"
      }
    },
    "@pixi/text-bitmap": {
      "version": "6.0.4",
      "resolved": "https://registry.npmjs.org/@pixi/text-bitmap/-/text-bitmap-6.0.4.tgz",
      "integrity": "sha512-Nh2PXixqF0LFJ0xwmTib2HVWdhgsHn+dSYMVIec8LndDFQMTBw+X2XP1iHjVm0xhqOVdZI+Qfb2Trc0j2lINrw==",
      "peer": true,
      "requires": {
        "@pixi/core": "6.0.4",
        "@pixi/display": "6.0.4",
        "@pixi/loaders": "6.0.4",
        "@pixi/math": "6.0.4",
        "@pixi/mesh": "6.0.4",
        "@pixi/settings": "6.0.4",
        "@pixi/text": "6.0.4",
        "@pixi/utils": "6.0.4"
      }
    },
    "@pixi/ticker": {
      "version": "6.0.4",
      "resolved": "https://registry.npmjs.org/@pixi/ticker/-/ticker-6.0.4.tgz",
      "integrity": "sha512-PkFfPP5vHlgnApLks0Ia0okmFu6KPqBdIyquDqHJAcBdgljedm32KS6K2EH37xelBOzYHScjZ2SQGiiebVfClw==",
      "peer": true,
      "requires": {
        "@pixi/settings": "6.0.4"
      }
    },
    "@pixi/utils": {
      "version": "6.0.4",
      "resolved": "https://registry.npmjs.org/@pixi/utils/-/utils-6.0.4.tgz",
      "integrity": "sha512-35JTWsAJ8Va0vvtUSQvyOr3kGedGKVuJnHDO89B8C8tSFtMpJYrR44vp1b1p1vOjNak+ulGehZc8LzlCqymViQ==",
      "peer": true,
      "requires": {
        "@pixi/constants": "6.0.4",
        "@pixi/settings": "6.0.4",
        "@types/earcut": "^2.1.0",
        "earcut": "^2.2.2",
        "eventemitter3": "^3.1.0",
        "url": "^0.11.0"
      }
    },
    "@types/earcut": {
      "version": "2.1.1",
      "resolved": "https://registry.npmjs.org/@types/earcut/-/earcut-2.1.1.tgz",
      "integrity": "sha512-w8oigUCDjElRHRRrMvn/spybSMyX8MTkKA5Dv+tS1IE/TgmNZPqUYtvYBXGY8cieSE66gm+szeK+bnbxC2xHTQ==",
      "peer": true
    },
    "earcut": {
      "version": "2.2.3",
      "resolved": "https://registry.npmjs.org/earcut/-/earcut-2.2.3.tgz",
      "integrity": "sha512-iRDI1QeCQIhMCZk48DRDMVgQSSBDmbzzNhnxIo+pwx3swkfjMh6vh0nWLq1NdvGHLKH6wIrAM3vQWeTj6qeoug==",
      "peer": true
    },
    "esbuild": {
      "version": "0.12.15",
      "resolved": "https://registry.npmjs.org/esbuild/-/esbuild-0.12.15.tgz",
      "integrity": "sha512-72V4JNd2+48eOVCXx49xoSWHgC3/cCy96e7mbXKY+WOWghN00cCmlGnwVLRhRHorvv0dgCyuMYBZlM2xDM5OQw==",
      "dev": true
    },
    "eventemitter3": {
      "version": "3.1.2",
      "resolved": "https://registry.npmjs.org/eventemitter3/-/eventemitter3-3.1.2.tgz",
      "integrity": "sha512-tvtQIeLVHjDkJYnzf2dgVMxfuSGJeM/7UCG17TT4EumTfNtF+0nebF/4zWOIkCreAbtNqhGEboB6BWrwqNaw4Q==",
      "peer": true
    },
    "ismobilejs": {
      "version": "1.1.1",
      "resolved": "https://registry.npmjs.org/ismobilejs/-/ismobilejs-1.1.1.tgz",
      "integrity": "sha512-VaFW53yt8QO61k2WJui0dHf4SlL8lxBofUuUmwBo0ljPk0Drz2TiuDW4jo3wDcv41qy/SxrJ+VAzJ/qYqsmzRw==",
      "peer": true
    },
    "mini-signals": {
      "version": "1.2.0",
      "resolved": "https://registry.npmjs.org/mini-signals/-/mini-signals-1.2.0.tgz",
      "integrity": "sha1-RbCAE8X65RokqhqTXNMXye1yHXQ=",
      "peer": true
    },
    "object-assign": {
      "version": "4.1.1",
      "resolved": "https://registry.npmjs.org/object-assign/-/object-assign-4.1.1.tgz",
      "integrity": "sha1-IQmtx5ZYh8/AXLvUQsrIv7s2CGM=",
      "peer": true
    },
    "parse-uri": {
      "version": "1.0.3",
      "resolved": "https://registry.npmjs.org/parse-uri/-/parse-uri-1.0.3.tgz",
      "integrity": "sha512-upMnGxNcm+45So85HoguwZTVZI9u11i36DdxJfGF2HYWS2eh3TIx7+/tTi7qrEq15qzGkVhsKjesau+kCk48pA==",
      "peer": true
    },
    "penner": {
      "version": "0.1.3",
      "resolved": "https://registry.npmjs.org/penner/-/penner-0.1.3.tgz",
      "integrity": "sha1-C4tILU6bOa8vPXw3WSIpuKzClwU=",
      "dev": true
    },
    "pixi-viewport": {
      "version": "4.31.0",
      "resolved": "https://registry.npmjs.org/pixi-viewport/-/pixi-viewport-4.31.0.tgz",
      "integrity": "sha512-VnI080My0dBN5b+JQEOdhSEr3zX4jD0CchMxhBfpj2BQoPIUppxTsi/R/kEdQ5ZnjGCn76/k0Q0xeW3WbEKb7g==",
      "dev": true,
      "requires": {
        "penner": "^0.1.3"
      }
    },
    "pixi.js": {
      "version": "6.0.4",
      "resolved": "https://registry.npmjs.org/pixi.js/-/pixi.js-6.0.4.tgz",
      "integrity": "sha512-zAlwr5x9xytaflmZiZWl/ZhlSf+lZzeJG+Hexa7Buf7cvEhHPfSITy4NNk0+qnMXKooQidikBmypShDsj2jAdg==",
      "peer": true,
      "requires": {
        "@pixi/accessibility": "6.0.4",
        "@pixi/app": "6.0.4",
        "@pixi/compressed-textures": "6.0.4",
        "@pixi/constants": "6.0.4",
        "@pixi/core": "6.0.4",
        "@pixi/display": "6.0.4",
        "@pixi/extract": "6.0.4",
        "@pixi/filter-alpha": "6.0.4",
        "@pixi/filter-blur": "6.0.4",
        "@pixi/filter-color-matrix": "6.0.4",
        "@pixi/filter-displacement": "6.0.4",
        "@pixi/filter-fxaa": "6.0.4",
        "@pixi/filter-noise": "6.0.4",
        "@pixi/graphics": "6.0.4",
        "@pixi/interaction": "6.0.4",
        "@pixi/loaders": "6.0.4",
        "@pixi/math": "6.0.4",
        "@pixi/mesh": "6.0.4",
        "@pixi/mesh-extras": "6.0.4",
        "@pixi/mixin-cache-as-bitmap": "6.0.4",
        "@pixi/mixin-get-child-by-name": "6.0.4",
        "@pixi/mixin-get-global-position": "6.0.4",
        "@pixi/particles": "6.0.4",
        "@pixi/polyfill": "6.0.4",
        "@pixi/prepare": "6.0.4",
        "@pixi/runner": "6.0.4",
        "@pixi/settings": "6.0.4",
        "@pixi/sprite": "6.0.4",
        "@pixi/sprite-animated": "6.0.4",
        "@pixi/sprite-tiling": "6.0.4",
        "@pixi/spritesheet": "6.0.4",
        "@pixi/text": "6.0.4",
        "@pixi/text-bitmap": "6.0.4",
        "@pixi/ticker": "6.0.4",
        "@pixi/utils": "6.0.4"
      }
    },
    "promise-polyfill": {
      "version": "8.2.0",
      "resolved": "https://registry.npmjs.org/promise-polyfill/-/promise-polyfill-8.2.0.tgz",
      "integrity": "sha512-k/TC0mIcPVF6yHhUvwAp7cvL6I2fFV7TzF1DuGPI8mBh4QQazf36xCKEHKTZKRysEoTQoQdKyP25J8MPJp7j5g==",
      "peer": true
    },
    "punycode": {
      "version": "1.3.2",
      "resolved": "https://registry.npmjs.org/punycode/-/punycode-1.3.2.tgz",
      "integrity": "sha1-llOgNvt8HuQjQvIyXM7v6jkmxI0=",
      "peer": true
    },
    "querystring": {
      "version": "0.2.0",
      "resolved": "https://registry.npmjs.org/querystring/-/querystring-0.2.0.tgz",
      "integrity": "sha1-sgmEkgO7Jd+CDadW50cAWHhSFiA=",
      "peer": true
    },
    "resource-loader": {
      "version": "3.0.1",
      "resolved": "https://registry.npmjs.org/resource-loader/-/resource-loader-3.0.1.tgz",
      "integrity": "sha512-fBuCRbEHdLCI1eglzQhUv9Rrdcmqkydr1r6uHE2cYHvRBrcLXeSmbE/qI/urFt8rPr/IGxir3BUwM5kUK8XoyA==",
      "peer": true,
      "requires": {
        "mini-signals": "^1.2.0",
        "parse-uri": "^1.0.0"
      }
    },
    "typescript": {
      "version": "4.3.5",
      "resolved": "https://registry.npmjs.org/typescript/-/typescript-4.3.5.tgz",
      "integrity": "sha512-DqQgihaQ9cUrskJo9kIyW/+g0Vxsk8cDtZ52a3NGh0YNTfpUSArXSohyUGnvbPazEPLu398C0UxmKSOrPumUzA==",
      "dev": true
    },
    "url": {
      "version": "0.11.0",
      "resolved": "https://registry.npmjs.org/url/-/url-0.11.0.tgz",
      "integrity": "sha1-ODjpfPxgUh63PFJajlW/3Z4uKPE=",
      "peer": true,
      "requires": {
        "punycode": "1.3.2",
        "querystring": "0.2.0"
      }
    }
  }
}
