# THIS IS AN AUTOGENERATED FILE. DO NOT EDIT THIS FILE DIRECTLY.
# yarn lockfile v1


"@pixi/accessibility@6.3.0":
  version "6.3.0"
  resolved "https://registry.yarnpkg.com/@pixi/accessibility/-/accessibility-6.3.0.tgz#fe843d6080fa263d01dcb3c1adad00fc42cafb75"
  integrity sha512-G2IJovkixJ3MdXC456e7Nu9J2nLte01KwJPkWhhuuZkRQI6gBcLHn5flGG+QVx/dZDLySXyHiJ+1MAQ8kI9AbA==

"@pixi/app@6.3.0":
  version "6.3.0"
  resolved "https://registry.yarnpkg.com/@pixi/app/-/app-6.3.0.tgz#9d8cb89e01b8a92c20700aa7d289e7ebc3f59be6"
  integrity sha512-Ud+D/VkGFCx9Z+i0OXDzXqT3zNrUJ9f3sZuoACz1VVD6nnSq+wBZPnyoOOsgfiMYo/0KYVJh+EdBKZS8aYnnVQ==

"@pixi/compressed-textures@6.3.0":
  version "6.3.0"
  resolved "https://registry.yarnpkg.com/@pixi/compressed-textures/-/compressed-textures-6.3.0.tgz#a058043d03704f717f9ddfa527fb3947290ff782"
  integrity sha512-Y/SHGQZftvSM98/m89a1Pf99c9L5TGEPngueOcmjCABeGI33vOaL2VM4chkHXhG9HLqrHYAty24vXqOj42LbJw==

"@pixi/constants@6.3.0":
  version "6.3.0"
  resolved "https://registry.yarnpkg.com/@pixi/constants/-/constants-6.3.0.tgz#c900b875ee132d7061af4c1ab53c060faec1a504"
  integrity sha512-295/bb0+5IugA9plqBnD6xrvApjgGRdaNJ6EryCa7UB2j8wt4YtuzLjNeaCtng9eJONgJXXPhPF85+spdWRMbg==

"@pixi/core@6.3.0":
  version "6.3.0"
  resolved "https://registry.yarnpkg.com/@pixi/core/-/core-6.3.0.tgz#f0eeb6804f811f7de59e32130590f82c4b930745"
  integrity sha512-j7UMizcgDoUB9eDrZIP22xJCPYpjx2/BCl8deE5M9Cim9OR2qPxnNnt3jC1oKf2vVnNMTDrMOLekhMVo89FX2Q==
  dependencies:
    "@types/offscreencanvas" "^2019.6.4"

"@pixi/display@6.3.0":
  version "6.3.0"
  resolved "https://registry.yarnpkg.com/@pixi/display/-/display-6.3.0.tgz#82781587c928ac49ea24dbc675781e885d3c4a08"
  integrity sha512-Uxc1aLTFzV55d3kOlh/g19RlE2okPXsroi5jfYGCNS0VCdFk0sp6jMNEwk12BwC0KcA5SU7217H4jLy38VCVpA==

"@pixi/extract@6.3.0":
  version "6.3.0"
  resolved "https://registry.yarnpkg.com/@pixi/extract/-/extract-6.3.0.tgz#ee1f4eaa933e98c2c54930bb0c1b3f3935e4b1ad"
  integrity sha512-p5d3Jx0hoIQZsn1msIOyYCzyRjVkfiDUNkuzpLmNo9zng7C6bwqmIZWEMr5alm7+XwqKHlQdsBuK9PeUJt9fGQ==

"@pixi/filter-alpha@6.3.0":
  version "6.3.0"
  resolved "https://registry.yarnpkg.com/@pixi/filter-alpha/-/filter-alpha-6.3.0.tgz#3585bfe8a215fb13f56352d34dee2243fd8651ad"
  integrity sha512-FyO35T2ym7R/rxaQzz3+dfpMlNn7b4XCFebD7hAgYoLqb+/vaM32ZjjoKBxxFRFqpZxBO6BObCyJQd245h+P4A==

"@pixi/filter-blur@6.3.0":
  version "6.3.0"
  resolved "https://registry.yarnpkg.com/@pixi/filter-blur/-/filter-blur-6.3.0.tgz#7ac975c8e011201159afcca70b67966e5dfcde6e"
  integrity sha512-TpQxBbFnkcAxMOInMZDprRPXlfhQ0tYOvbnmdDbVTEGOqDXY/7do0bYRfsNshAyeyGE4NVIks1S/RlGkzHLhBg==

"@pixi/filter-color-matrix@6.3.0":
  version "6.3.0"
  resolved "https://registry.yarnpkg.com/@pixi/filter-color-matrix/-/filter-color-matrix-6.3.0.tgz#bf6795960c4c1b608bf92c5f513b5e60b1888754"
  integrity sha512-9qKrRiaeINap7BgolI3GZ5RaRgYNx0pK8iyrn7vWcuQAxR/lPM+rfgWQPagjXdU9NbnbnfZj0LNOmgFqtWsZTQ==

"@pixi/filter-displacement@6.3.0":
  version "6.3.0"
  resolved "https://registry.yarnpkg.com/@pixi/filter-displacement/-/filter-displacement-6.3.0.tgz#5b529f60878ba06b669535f52abc897df34b447d"
  integrity sha512-zjOnM3fVh4HOxEHzG/iN00ZmxCuZdxy+xTnjUZkbOgmXtDqRa9HakCBHlg60ZpF/NiIAkJNdrXx6nDhh2hve8Q==

"@pixi/filter-fxaa@6.3.0":
  version "6.3.0"
  resolved "https://registry.yarnpkg.com/@pixi/filter-fxaa/-/filter-fxaa-6.3.0.tgz#e2d6864740f24c917e91f60f3776466f82f8baec"
  integrity sha512-dKhKNmQ8zgtvcT2s7nDU/0LETaCzydgosXAeEPO5XtkHA6asffjEAqiie9wpj3DzODOibNuC/wpiiwGmN6xGgw==

"@pixi/filter-noise@6.3.0":
  version "6.3.0"
  resolved "https://registry.yarnpkg.com/@pixi/filter-noise/-/filter-noise-6.3.0.tgz#dc1608cf9cd432e1e7020baed4fa05013a296a8a"
  integrity sha512-+2qhb/wWkqI86xb2+NMxeoKUiA5Kx6Kvo1jCvSE4PdP5CGCFDLQqnj0NkIZCbl/3L0MiM9vy+JRmY+nVgre8Tw==

"@pixi/graphics@6.3.0":
  version "6.3.0"
  resolved "https://registry.yarnpkg.com/@pixi/graphics/-/graphics-6.3.0.tgz#50e758385b7704d0a068db189a20f0244f5fd68d"
  integrity sha512-cnce8ddZSRgVuwK3hdWjEgf9WJljEXlJp+tOIEYvmNYnkvfaRpdeVRpF5yd+A24ZswrVRU9W/W7cXCMw2uq/vQ==

"@pixi/interaction@6.3.0":
  version "6.3.0"
  resolved "https://registry.yarnpkg.com/@pixi/interaction/-/interaction-6.3.0.tgz#2329eae55884bf380a4c5443b29631a1fba6f283"
  integrity sha512-ZAgYJPnpQS07r69o6Mgn4SxurY+t05EWblC8bpVssQ/k2yU3xeWAKNV/Hk39AKrM5S+PBU9YyGX//jM+3gt8rQ==

"@pixi/loaders@6.3.0":
  version "6.3.0"
  resolved "https://registry.yarnpkg.com/@pixi/loaders/-/loaders-6.3.0.tgz#82441d1f664c489a754db7d2deb68bccdf97f4d6"
  integrity sha512-FXW3DkcAg2w0FABS6ixmzJNQSdabHXWumltelYM76NmBSE8oaLmg6tniBvjrTlSxUs3HlgwdeqgnUHV9GIFxLQ==

"@pixi/math@6.3.0":
  version "6.3.0"
  resolved "https://registry.yarnpkg.com/@pixi/math/-/math-6.3.0.tgz#2df6a27a8a73e1976ebbe90b01dfeab999b17bdb"
  integrity sha512-QkF9wl3/kXvthwWhrDAVgWQWl3T9dbyicHsoWfx0s9b3E0rx+PZcpz5ftaAVxGd7EvecIxV9nEUnna9TIjvwJQ==

"@pixi/mesh-extras@6.3.0":
  version "6.3.0"
  resolved "https://registry.yarnpkg.com/@pixi/mesh-extras/-/mesh-extras-6.3.0.tgz#32a8720b3529b98cfe09035ceb3e6c39dc6c78a5"
  integrity sha512-rGvpW/UDNPDSALocT2w3jvBpF9TUgyvZMGcxqolIxDbrmRiyUeT1EeYnCQpIqQUnkKW1QKxLpuSjut2yfERe7A==

"@pixi/mesh@6.3.0":
  version "6.3.0"
  resolved "https://registry.yarnpkg.com/@pixi/mesh/-/mesh-6.3.0.tgz#ce228e8a2c196579d6cf02c650c0b2ff26c43db7"
  integrity sha512-ljm1lk8ZyxQaZHl53psPptD7eO8yVt7mbEwly+qSyh61Nj950fq5CBgr2cd7TakBSUfiUthYAYP8wmdwop328Q==

"@pixi/mixin-cache-as-bitmap@6.3.0":
  version "6.3.0"
  resolved "https://registry.yarnpkg.com/@pixi/mixin-cache-as-bitmap/-/mixin-cache-as-bitmap-6.3.0.tgz#02d8422d2345f941c68bfe33f186537cce521c62"
  integrity sha512-KIbclUCTv6J2ERIX8LM0PaGezKqfmDbR8X/68irbwsYU3fRtsFb9X4IHttguiItYK8C6syyepEyIRbWB/poc6Q==

"@pixi/mixin-get-child-by-name@6.3.0":
  version "6.3.0"
  resolved "https://registry.yarnpkg.com/@pixi/mixin-get-child-by-name/-/mixin-get-child-by-name-6.3.0.tgz#5e58d496d2ecd79b98b566901eec74b3b3119c69"
  integrity sha512-R1nh985Fffo0HG3gmbbsBgbR0obGdjkVb31V9gUFileydY8u1jVA4sL1uzOfBbHAjDE+HFOO1wC1p6ygalUrkQ==

"@pixi/mixin-get-global-position@6.3.0":
  version "6.3.0"
  resolved "https://registry.yarnpkg.com/@pixi/mixin-get-global-position/-/mixin-get-global-position-6.3.0.tgz#ba02920c45ea3284b5c58371d9e5e32c61312c05"
  integrity sha512-hDzLubpLSRH6hp+mn8mpONZeMcMc75ndkz6WROXI0gfoUkFdzxHStGBSk4VJRgtSj1zzOgmEqo7LP/y2blgYlw==

"@pixi/particle-container@6.3.0":
  version "6.3.0"
  resolved "https://registry.yarnpkg.com/@pixi/particle-container/-/particle-container-6.3.0.tgz#991c271e927e31414ff1a362b6148c368db6e3c8"
  integrity sha512-yjcMUHIPUL4T27ECBrxgn6j00CpomYLBvdxXWDDqMSnm2W6AA+cy7QM30dCm2mcbStzB4j+cbYvN1+nRIuIE8Q==

"@pixi/polyfill@6.3.0":
  version "6.3.0"
  resolved "https://registry.yarnpkg.com/@pixi/polyfill/-/polyfill-6.3.0.tgz#4b8862c4c6ce589a21abfafa174acbfcee631d2c"
  integrity sha512-sjOLw0yndRipWOW3ykkCej5+VMZRBmnd32kUXXum9kgceSeL0w+iRPZrfvaFmgypqGnGpqwg24MsZ3vtIffd9g==
  dependencies:
    object-assign "^4.1.1"
    promise-polyfill "^8.2.0"

"@pixi/prepare@6.3.0":
  version "6.3.0"
  resolved "https://registry.yarnpkg.com/@pixi/prepare/-/prepare-6.3.0.tgz#8f46e4a67e5189739a3cba70053dca4861ef0f8d"
  integrity sha512-eqQpEIAhctZ85YEQWYMI/LmNyLn8K+lpfH783YQQ1WjFmBrFgJzvm1vs+ztIRl+6EIzVIC28RmcBU15Vkmylew==

"@pixi/runner@6.3.0":
  version "6.3.0"
  resolved "https://registry.yarnpkg.com/@pixi/runner/-/runner-6.3.0.tgz#e300c0865825fa736376801b57485d3d1d6f5fb8"
  integrity sha512-dG0YK/59dMay1pBD3sXYWtyDQ1gjRY8QCI38b+wQiH9oFMNFtj/f/RxkL1XyaK0r7sC8TjXUiQ+7+lZlmcqIjw==

"@pixi/settings@6.3.0":
  version "6.3.0"
  resolved "https://registry.yarnpkg.com/@pixi/settings/-/settings-6.3.0.tgz#1207fdb65fa1cf305e34a97fdffb47004bb8e5f5"
  integrity sha512-UkbZmlexr6NGM6Qz30Et63bpWAmpmkknOOnavrhWPnnbhFIx4kVzU9mvGMHGSGNLJabX9+gFUdjDGSlzF42v4w==
  dependencies:
    ismobilejs "^1.1.0"

"@pixi/sprite-animated@6.3.0":
  version "6.3.0"
  resolved "https://registry.yarnpkg.com/@pixi/sprite-animated/-/sprite-animated-6.3.0.tgz#d28947796dd666e8cd5ed8937b378acaab5615ca"
  integrity sha512-P4VroljvyiAc9acwbUVZTHKwM418x5AFOAEYAx9NkF9izh2HhinjLa+iRK70gPnEBOMPwqn1taVnz/n4/aYHWw==

"@pixi/sprite-tiling@6.3.0":
  version "6.3.0"
  resolved "https://registry.yarnpkg.com/@pixi/sprite-tiling/-/sprite-tiling-6.3.0.tgz#75d0db26c471eaa6ca5c378c787de570486371d1"
  integrity sha512-4+HodD9QwhiqIptBpT3rXuJDAJ5TSg2IRnHOo/+qSopA70VC1E+RRgyVvxfRfopfptcAHi60XWfzvFLHSV3LsA==

"@pixi/sprite@6.3.0":
  version "6.3.0"
  resolved "https://registry.yarnpkg.com/@pixi/sprite/-/sprite-6.3.0.tgz#8441400c001403250cd5bb21d456735373172532"
  integrity sha512-dv0CSkxjWZeUujYQ6NorJ5Cue6SL+RE/H739JK4+cAwEtoWpYqKqiw6aeUu4aqSRsqjhyk9ilhR+K1MbnImJKA==

"@pixi/spritesheet@6.3.0":
  version "6.3.0"
  resolved "https://registry.yarnpkg.com/@pixi/spritesheet/-/spritesheet-6.3.0.tgz#d3047938f6ab3d93f69ff535f71fbc39ee86bd3e"
  integrity sha512-TAIIVA2KFJk7lKB4Ggep99bxpkSjnYlODuLEZ9EoJ6QIEx9A1HesaKwwqzfneeCzX5BOBeJMgZ++rujE29rrpg==

"@pixi/text-bitmap@6.3.0":
  version "6.3.0"
  resolved "https://registry.yarnpkg.com/@pixi/text-bitmap/-/text-bitmap-6.3.0.tgz#43fe3585a551c9c08b885f2a74626f0def45ecf3"
  integrity sha512-ogoJ+k7MHUEUb8b+yBZOi9jLW/TvIEduf2FJ5S52sovjhjs1/uZw2sdR43tM9BGxP1W9H6GE5yOK5f2sEFZIKg==

"@pixi/text@6.3.0":
  version "6.3.0"
  resolved "https://registry.yarnpkg.com/@pixi/text/-/text-6.3.0.tgz#f39b3aa2567de42f3d4266c276f5abb0529dbb23"
  integrity sha512-hDevLv8HztzdImA6sIvmpBpNoIyDCrMNJAdjTUo/Kw1aoKlDaOGx4K3J7wVTzV1d1WrreIXtOsO3rQUOzf/hmg==

"@pixi/ticker@6.3.0":
  version "6.3.0"
  resolved "https://registry.yarnpkg.com/@pixi/ticker/-/ticker-6.3.0.tgz#0438efd9abbd74eab59be7361bac47553c25e4cb"
  integrity sha512-cEqyQgM5entsi+h85fUnESBzNc/yMRG/mqsfAr7/KraP7bmCcn3MYVuTycRMkRbuNPjC1NIpqkqiOaxzgAUGPw==

"@pixi/utils@6.3.0":
  version "6.3.0"
  resolved "https://registry.yarnpkg.com/@pixi/utils/-/utils-6.3.0.tgz#74703e1593b3f7462165adcfaf41c62ce303829c"
  integrity sha512-QI5wb/fDdH8DAzIMlrYS0MhG382FPMLh4s3yRtOaftiOb84LL7Syz//SC+CJAyVB0UV/Lpr+T6PiCa4eBjRDgA==
  dependencies:
    "@types/earcut" "^2.1.0"
    earcut "^2.2.2"
    eventemitter3 "^3.1.0"
    url "^0.11.0"

"@types/earcut@^2.1.0":
  version "2.1.1"
  resolved "https://registry.yarnpkg.com/@types/earcut/-/earcut-2.1.1.tgz#573a0af609f17005c751f6f4ffec49cfe358ea51"
  integrity sha512-w8oigUCDjElRHRRrMvn/spybSMyX8MTkKA5Dv+tS1IE/TgmNZPqUYtvYBXGY8cieSE66gm+szeK+bnbxC2xHTQ==

"@types/offscreencanvas@^2019.6.4":
  version "2019.6.4"
  resolved "https://registry.yarnpkg.com/@types/offscreencanvas/-/offscreencanvas-2019.6.4.tgz#64f6d120b53925028299c744fcdd32d2cd525963"
  integrity sha512-u8SAgdZ8ROtkTF+mfZGOscl0or6BSj9A4g37e6nvxDc+YB/oDut0wHkK2PBBiC2bNR8TS0CPV+1gAk4fNisr1Q==

earcut@^2.2.2:
  version "2.2.3"
  resolved "https://registry.yarnpkg.com/earcut/-/earcut-2.2.3.tgz#d44ced2ff5a18859568e327dd9c7d46b16f55cf4"
  integrity sha512-iRDI1QeCQIhMCZk48DRDMVgQSSBDmbzzNhnxIo+pwx3swkfjMh6vh0nWLq1NdvGHLKH6wIrAM3vQWeTj6qeoug==

esbuild@^0.12.15:
  version "0.12.29"
  resolved "https://registry.yarnpkg.com/esbuild/-/esbuild-0.12.29.tgz#be602db7c4dc78944a9dbde0d1ea19d36c1f882d"
  integrity sha512-w/XuoBCSwepyiZtIRsKsetiLDUVGPVw1E/R3VTFSecIy8UR7Cq3SOtwKHJMFoVqqVG36aGkzh4e8BvpO1Fdc7g==

eventemitter3@^3.1.0:
  version "3.1.2"
  resolved "https://registry.yarnpkg.com/eventemitter3/-/eventemitter3-3.1.2.tgz#2d3d48f9c346698fce83a85d7d664e98535df6e7"
  integrity sha512-tvtQIeLVHjDkJYnzf2dgVMxfuSGJeM/7UCG17TT4EumTfNtF+0nebF/4zWOIkCreAbtNqhGEboB6BWrwqNaw4Q==

ismobilejs@^1.1.0:
  version "1.1.1"
  resolved "https://registry.yarnpkg.com/ismobilejs/-/ismobilejs-1.1.1.tgz#c56ca0ae8e52b24ca0f22ba5ef3215a2ddbbaa0e"
  integrity sha512-VaFW53yt8QO61k2WJui0dHf4SlL8lxBofUuUmwBo0ljPk0Drz2TiuDW4jo3wDcv41qy/SxrJ+VAzJ/qYqsmzRw==

object-assign@^4.1.1:
  version "4.1.1"
  resolved "https://registry.yarnpkg.com/object-assign/-/object-assign-4.1.1.tgz#2109adc7965887cfc05cbbd442cac8bfbb360863"
  integrity sha1-IQmtx5ZYh8/AXLvUQsrIv7s2CGM=

pixi-viewport@^4.31.0:
  version "4.34.4"
  resolved "https://registry.yarnpkg.com/pixi-viewport/-/pixi-viewport-4.34.4.tgz#78d575235225d852e5017e89da7cc939ec50a9f8"
  integrity sha512-JARPbHRxmbiedj2qc/kjwd0rKIplKoRcLIDjO9DAMtjXzAlVWAdkwLxvY7g2EJBCHqNqxrEQy9ssye1DM4XRKg==

pixi.js@^6.3.0:
  version "6.3.0"
  resolved "https://registry.yarnpkg.com/pixi.js/-/pixi.js-6.3.0.tgz#466f28a06d6263337c0f91275faf229a02f6a65b"
  integrity sha512-ayOmVagMSa5lPVvznDf2e4EppwzPEDnB/q3AYdjTM9Ksw+JKT3lbLuZFo/6U0HNYF9DsJRJL/4ebReZh1hnqLQ==
  dependencies:
    "@pixi/accessibility" "6.3.0"
    "@pixi/app" "6.3.0"
    "@pixi/compressed-textures" "6.3.0"
    "@pixi/constants" "6.3.0"
    "@pixi/core" "6.3.0"
    "@pixi/display" "6.3.0"
    "@pixi/extract" "6.3.0"
    "@pixi/filter-alpha" "6.3.0"
    "@pixi/filter-blur" "6.3.0"
    "@pixi/filter-color-matrix" "6.3.0"
    "@pixi/filter-displacement" "6.3.0"
    "@pixi/filter-fxaa" "6.3.0"
    "@pixi/filter-noise" "6.3.0"
    "@pixi/graphics" "6.3.0"
    "@pixi/interaction" "6.3.0"
    "@pixi/loaders" "6.3.0"
    "@pixi/math" "6.3.0"
    "@pixi/mesh" "6.3.0"
    "@pixi/mesh-extras" "6.3.0"
    "@pixi/mixin-cache-as-bitmap" "6.3.0"
    "@pixi/mixin-get-child-by-name" "6.3.0"
    "@pixi/mixin-get-global-position" "6.3.0"
    "@pixi/particle-container" "6.3.0"
    "@pixi/polyfill" "6.3.0"
    "@pixi/prepare" "6.3.0"
    "@pixi/runner" "6.3.0"
    "@pixi/settings" "6.3.0"
    "@pixi/sprite" "6.3.0"
    "@pixi/sprite-animated" "6.3.0"
    "@pixi/sprite-tiling" "6.3.0"
    "@pixi/spritesheet" "6.3.0"
    "@pixi/text" "6.3.0"
    "@pixi/text-bitmap" "6.3.0"
    "@pixi/ticker" "6.3.0"
    "@pixi/utils" "6.3.0"

promise-polyfill@^8.2.0:
  version "8.2.3"
  resolved "https://registry.yarnpkg.com/promise-polyfill/-/promise-polyfill-8.2.3.tgz#2edc7e4b81aff781c88a0d577e5fe9da822107c6"
  integrity sha512-Og0+jCRQetV84U8wVjMNccfGCnMQ9mGs9Hv78QFe+pSDD3gWTpz0y+1QCuxy5d/vBFuZ3iwP2eycAkvqIMPmWg==

punycode@1.3.2:
  version "1.3.2"
  resolved "https://registry.yarnpkg.com/punycode/-/punycode-1.3.2.tgz#9653a036fb7c1ee42342f2325cceefea3926c48d"
  integrity sha1-llOgNvt8HuQjQvIyXM7v6jkmxI0=

querystring@0.2.0:
  version "0.2.0"
  resolved "https://registry.yarnpkg.com/querystring/-/querystring-0.2.0.tgz#b209849203bb25df820da756e747005878521620"
  integrity sha1-sgmEkgO7Jd+CDadW50cAWHhSFiA=

typescript@^4.3.5:
  version "4.6.2"
  resolved "https://registry.yarnpkg.com/typescript/-/typescript-4.6.2.tgz#fe12d2727b708f4eef40f51598b3398baa9611d4"
  integrity sha512-HM/hFigTBHZhLXshn9sN37H085+hQGeJHJ/X7LpBWLID/fbc2acUMfU+lGD98X81sKP+pFa9f0DZmCwB9GnbAg==

url@^0.11.0:
  version "0.11.0"
  resolved "https://registry.yarnpkg.com/url/-/url-0.11.0.tgz#3838e97cfc60521eb73c525a8e55bfdd9e2e28f1"
  integrity sha1-ODjpfPxgUh63PFJajlW/3Z4uKPE=
  dependencies:
    punycode "1.3.2"
    querystring "0.2.0"
